{"name": "log-in-page","version": "1.0.0","lockfileVersion": 1,"dependencies": {"axios": {"version": "^0.21.1","resolved": "https://registry.npmjs.org/axios/-/axios-0.21.1.tgz","integrity": "sha512-Hvq25nn4g702t4dDI0gzGj48rxpzQsPTg7W3I2yETqdmDRZStCNOFh/P0ZavDp3ArMa7D2oOV2MBZ9KdEwJXUg==","dev": false},"bcryptjs": {"version": "^2.4.3","resolved": "https://registry.npmjs.org/bcryptjs/-/bcryptjs-2.4.3.tgz","integrity": "sha512-+dpZLeZ1TyiVRJQpR2HD0QvWJ2zSpWjbq+2DShsP3HMAnFr6jCg9jGRum3Iq7qS1T24f9pPZHZWv4k7OC8yC2A==","dev": false},"cors": {"version": "^2.8.5","resolved": "https://registry.npmjs.org/cors/-/cors-2.8.5.tgz","integrity": "sha512-M2PKrP/5Ms/QCjeGRbLFS2qg9M8xEaQUUO6XON9sUDmtnhPItPyr3PSu+WzLoQLzdh7bHTKXlTdoC/Be2EwH+Jg==","dev": false},"dotenv": {"version": "^8.2.0","resolved": "https://registry.npmjs.org/dotenv/-/dotenv-8.2.0.tgz","integrity": "sha512-DYk6PP71TR6DAHObk6z3B8D0KSo2wYzq5x5/d8pmTWp8Vxdb9BpKc1vFlnkSXD13ffOZFVWBLwfP8uYjQH5xAQ==","dev": false},"express": {"version": "^4.17.1","resolved": "https://registry.npmjs.org/express/-/express-4.17.1.tgz","integrity": "sha512-pLe2F/lc040W2MQM4lWn+4ZlrUpw7U0fsgYBPEAW/3LiZxISvC1DVI9cFEKnGa/r3CEjDt75R9o2W8H/01XyQA==","dev": false},"express-rate-limit": {"version": "^5.5.0","resolved": "https://registry.npmjs.org/express-rate-limit/-/express-rate-limit-5.5.0.tgz","integrity": "sha512-R0gQOuMmrrA4Jt5qOEcpBxG/yMiGfYkX8/sQFITmPTFizzZJRLOdd1QR5YFdvkt3Iz2vTDNKqU1yIgTdmNCUCA==","dev": false},"express-validator": {"version": "^6.12.2","resolved": "https://registry.npmjs.org/express-validator/-/express-validator-6.12.2.tgz","integrity": "sha512-7Ox7x3m3fdEOVlgFxOvmgDhoWuJ9PvyD6sNG7KMx2PIONdCyqlcpKPfMFA4AF81eCkToWho1L2vf7LuWzI8D7A==","dev": false},"helmet": {"version": "^4.6.0","resolved": "https://registry.npmjs.org/helmet/-/helmet-4.6.0.tgz","integrity": "sha512-xeissK6R0.sn65rrLET5VDe3rLvvE2GZ9WmYYY2Esv1DEAO54UMmemWGOzkX+bH1fqzlU7Gq9+p9O6fQ==","dev": false},"jest": {"version": "^26.6.3","resolved": "https://registry.npmjs.org/jest/-/jest-26.6.3.tgz","integrity": "sha512-Bzd39cPBIqI/AJL7iGqUIHKOt8q7qd97YwjEzL4np7lCuHckwO2k2neTzvfunWgN1AT5T4suSceWOm1ISHFE8A==","dev": true},"jsonwebtoken": {"version": "^8.5.1","resolved": "https://registry.npmjs.org/jsonwebtoken/-/jsonwebtoken-8.5.1.tgz","integrity": "sha512-p/wLf/oRHZKNj3C70w+eumkJg8QBnW3VO/9R4FJZfgMZ3Vr3/jtLNCkHcEGm9xL5cTBBcPVmYF5uo8VsTQsd3DA==","dev": false},"mongoose": {"version": "^5.13.2","resolved": "https://registry.npmjs.org/mongoose/-/mongoose-5.13.2.tgz","integrity": "sha512-13gZeYqFFH5FNnJvkaT84NPlOUBxrRDT7vFVnW+bS4jPKVWzQgl5Qm1XWJTltcOzNkRj8Ji00JZ7YCtpzA1KDg==","dev": false},"nodemailer": {"version": "^6.4.11","resolved": "https://registry.npmjs.org/nodemailer/-/nodemailer-6.4.11.tgz","integrity": "sha512-vW5ifYX/c4U1gMimeAbgEd3jWscnDjZc1lnbD0sUUCt0e+4T9eqz8lln4nGfGDc9WgtS1LfZimkjG0TozA9thMw==","dev": false},"supertest": {"version": "^6.1.4","resolved": "https://registry.npmjs.org/supertest/-/supertest-6.1.4.tgz","integrity": "sha512-3D6jf9I8xV6OTVS3Y2RafGP1nTOYhD643qQZq07v6/AiYVhPV+wb+selfM4k2Y1FyJwHVaLR3IAgc5I8C3EX4g==","dev": true}},"devDependencies": {"jest": {"version": "^26.6.3","resolved": "https://registry.npmjs.org/jest/-/jest-26.6.3.tgz","integrity": "sha512-Bzd39cPBIqI/AJL7iGqUIHKOt8q7qd97YwjEzL4np7lCuHckwO2k2neTzvfunWgN1AT5T4suSceWOm1ISHFE8A==","dev": true}}}